
Microsoft Visual Studio Solution File, Format Version 12.00
# Visual Studio Version 17
VisualStudioVersion = 17.9.34723.18
MinimumVisualStudioVersion = 10.0.40219.1
Project("{9A19103F-16F7-4668-BE54-9A1E7A4F7556}") = "DomainChecker", "DomainChecker\DomainChecker.csproj", "{74C5C1B5-DE62-4B90-98D3-A9B9A1449E21}"
EndProject
Project("{9A19103F-16F7-4668-BE54-9A1E7A4F7556}") = "UnitTests", "UnitTests\UnitTests.csproj", "{4DAA515B-3602-4A00-A40A-A862FEEF0259}"
EndProject
Global
	GlobalSection(SolutionConfigurationPlatforms) = preSolution
		Debug|Any CPU = Debug|Any CPU
		Release|Any CPU = Release|Any CPU
	EndGlobalSection
	GlobalSection(ProjectConfigurationPlatforms) = postSolution
		{74C5C1B5-DE62-4B90-98D3-A9B9A1449E21}.Debug|Any CPU.ActiveCfg = Debug|Any CPU
		{74C5C1B5-DE62-4B90-98D3-A9B9A1449E21}.Debug|Any CPU.Build.0 = Debug|Any CPU
		{74C5C1B5-DE62-4B90-98D3-A9B9A1449E21}.Release|Any CPU.ActiveCfg = Release|Any CPU
		{74C5C1B5-DE62-4B90-98D3-A9B9A1449E21}.Release|Any CPU.Build.0 = Release|Any CPU
		{4DAA515B-3602-4A00-A40A-A862FEEF0259}.Debug|Any CPU.ActiveCfg = Debug|Any CPU
		{4DAA515B-3602-4A00-A40A-A862FEEF0259}.Debug|Any CPU.Build.0 = Debug|Any CPU
		{4DAA515B-3602-4A00-A40A-A862FEEF0259}.Release|Any CPU.ActiveCfg = Release|Any CPU
		{4DAA515B-3602-4A00-A40A-A862FEEF0259}.Release|Any CPU.Build.0 = Release|Any CPU
	EndGlobalSection
	GlobalSection(SolutionProperties) = preSolution
		HideSolutionNode = FALSE
	EndGlobalSection
	GlobalSection(ExtensibilityGlobals) = postSolution
		SolutionGuid = {C8701DD3-901C-4D63-8D17-2C42C86DC99E}
	EndGlobalSection
EndGlobal
